
Microsoft Visual Studio Solution File, Format Version 12.00
# Visual Studio 15
VisualStudioVersion = 15.0.27130.2036
MinimumVisualStudioVersion = 10.0.40219.1
Project("{9A19103F-16F7-4668-BE54-9A1E7A4F7556}") = "WebService", "WebService\WebService.csproj", "{CE15A027-5801-4D93-BC52-81E29796DCD4}"
EndProject
Project("{2150E333-8FDC-42A3-9474-1A3956D46DE8}") = "Infrastructure", "Infrastructure", "{1420B9C3-CBE6-473B-9887-3696F2B80ECF}"
EndProject
Project("{9A19103F-16F7-4668-BE54-9A1E7A4F7556}") = "Infrastructure.Common", "Infrastructure.Common\Infrastructure.Common.csproj", "{FC635A23-4976-4463-B20E-7E64B8EDF597}"
EndProject
Project("{9A19103F-16F7-4668-BE54-9A1E7A4F7556}") = "Infrastructure.WebApi", "Infrastructure.WebApi\Infrastructure.WebApi.csproj", "{564EEEF5-DE4E-4F93-AB05-02F281A9B0B0}"
EndProject
Project("{9A19103F-16F7-4668-BE54-9A1E7A4F7556}") = "Infrastructure.ServiceLayer", "Infrastructure.ServiceLayer\Infrastructure.ServiceLayer.csproj", "{4C90141D-170C-479C-B2D6-3F259519A3A7}"
EndProject
Project("{9A19103F-16F7-4668-BE54-9A1E7A4F7556}") = "BitcoinExchange.ServiceLayer", "BitcoinExchange.ServiceLayer\BitcoinExchange.ServiceLayer.csproj", "{D95CF65D-A395-405A-BF9E-E06A6012B90F}"
EndProject
Project("{9A19103F-16F7-4668-BE54-9A1E7A4F7556}") = "Infrastructure.DataLayer", "Infrastructure.DataLayer\Infrastructure.DataLayer.csproj", "{6078B447-AF8F-48F6-833F-B83E5167ED54}"
EndProject
Project("{9A19103F-16F7-4668-BE54-9A1E7A4F7556}") = "BitcoinExchange.DataLayer", "BitcoinExchange.DataLayer\BitcoinExchange.DataLayer.csproj", "{3384AA4C-BA58-4CA3-9EAF-C75D82247FF2}"
EndProject
Project("{FAE04EC0-301F-11D3-BF4B-00C04F79EFBC}") = "BitcoinExchange.Models", "BitcoinExchange.Models\BitcoinExchange.Models.csproj", "{5C935432-D506-4F15-BE34-916D8F8EAC0D}"
EndProject
Global
	GlobalSection(SolutionConfigurationPlatforms) = preSolution
		Debug|Any CPU = Debug|Any CPU
		Release|Any CPU = Release|Any CPU
	EndGlobalSection
	GlobalSection(ProjectConfigurationPlatforms) = postSolution
		{CE15A027-5801-4D93-BC52-81E29796DCD4}.Debug|Any CPU.ActiveCfg = Debug|Any CPU
		{CE15A027-5801-4D93-BC52-81E29796DCD4}.Debug|Any CPU.Build.0 = Debug|Any CPU
		{CE15A027-5801-4D93-BC52-81E29796DCD4}.Release|Any CPU.ActiveCfg = Release|Any CPU
		{CE15A027-5801-4D93-BC52-81E29796DCD4}.Release|Any CPU.Build.0 = Release|Any CPU
		{FC635A23-4976-4463-B20E-7E64B8EDF597}.Debug|Any CPU.ActiveCfg = Debug|Any CPU
		{FC635A23-4976-4463-B20E-7E64B8EDF597}.Debug|Any CPU.Build.0 = Debug|Any CPU
		{FC635A23-4976-4463-B20E-7E64B8EDF597}.Release|Any CPU.ActiveCfg = Release|Any CPU
		{FC635A23-4976-4463-B20E-7E64B8EDF597}.Release|Any CPU.Build.0 = Release|Any CPU
		{564EEEF5-DE4E-4F93-AB05-02F281A9B0B0}.Debug|Any CPU.ActiveCfg = Debug|Any CPU
		{564EEEF5-DE4E-4F93-AB05-02F281A9B0B0}.Debug|Any CPU.Build.0 = Debug|Any CPU
		{564EEEF5-DE4E-4F93-AB05-02F281A9B0B0}.Release|Any CPU.ActiveCfg = Release|Any CPU
		{564EEEF5-DE4E-4F93-AB05-02F281A9B0B0}.Release|Any CPU.Build.0 = Release|Any CPU
		{4C90141D-170C-479C-B2D6-3F259519A3A7}.Debug|Any CPU.ActiveCfg = Debug|Any CPU
		{4C90141D-170C-479C-B2D6-3F259519A3A7}.Debug|Any CPU.Build.0 = Debug|Any CPU
		{4C90141D-170C-479C-B2D6-3F259519A3A7}.Release|Any CPU.ActiveCfg = Release|Any CPU
		{4C90141D-170C-479C-B2D6-3F259519A3A7}.Release|Any CPU.Build.0 = Release|Any CPU
		{D95CF65D-A395-405A-BF9E-E06A6012B90F}.Debug|Any CPU.ActiveCfg = Debug|Any CPU
		{D95CF65D-A395-405A-BF9E-E06A6012B90F}.Debug|Any CPU.Build.0 = Debug|Any CPU
		{D95CF65D-A395-405A-BF9E-E06A6012B90F}.Release|Any CPU.ActiveCfg = Release|Any CPU
		{D95CF65D-A395-405A-BF9E-E06A6012B90F}.Release|Any CPU.Build.0 = Release|Any CPU
		{6078B447-AF8F-48F6-833F-B83E5167ED54}.Debug|Any CPU.ActiveCfg = Debug|Any CPU
		{6078B447-AF8F-48F6-833F-B83E5167ED54}.Debug|Any CPU.Build.0 = Debug|Any CPU
		{6078B447-AF8F-48F6-833F-B83E5167ED54}.Release|Any CPU.ActiveCfg = Release|Any CPU
		{6078B447-AF8F-48F6-833F-B83E5167ED54}.Release|Any CPU.Build.0 = Release|Any CPU
		{3384AA4C-BA58-4CA3-9EAF-C75D82247FF2}.Debug|Any CPU.ActiveCfg = Debug|Any CPU
		{3384AA4C-BA58-4CA3-9EAF-C75D82247FF2}.Debug|Any CPU.Build.0 = Debug|Any CPU
		{3384AA4C-BA58-4CA3-9EAF-C75D82247FF2}.Release|Any CPU.ActiveCfg = Release|Any CPU
		{3384AA4C-BA58-4CA3-9EAF-C75D82247FF2}.Release|Any CPU.Build.0 = Release|Any CPU
		{5C935432-D506-4F15-BE34-916D8F8EAC0D}.Debug|Any CPU.ActiveCfg = Debug|Any CPU
		{5C935432-D506-4F15-BE34-916D8F8EAC0D}.Debug|Any CPU.Build.0 = Debug|Any CPU
		{5C935432-D506-4F15-BE34-916D8F8EAC0D}.Release|Any CPU.ActiveCfg = Release|Any CPU
		{5C935432-D506-4F15-BE34-916D8F8EAC0D}.Release|Any CPU.Build.0 = Release|Any CPU
	EndGlobalSection
	GlobalSection(SolutionProperties) = preSolution
		HideSolutionNode = FALSE
	EndGlobalSection
	GlobalSection(NestedProjects) = preSolution
		{FC635A23-4976-4463-B20E-7E64B8EDF597} = {1420B9C3-CBE6-473B-9887-3696F2B80ECF}
		{564EEEF5-DE4E-4F93-AB05-02F281A9B0B0} = {1420B9C3-CBE6-473B-9887-3696F2B80ECF}
		{4C90141D-170C-479C-B2D6-3F259519A3A7} = {1420B9C3-CBE6-473B-9887-3696F2B80ECF}
		{6078B447-AF8F-48F6-833F-B83E5167ED54} = {1420B9C3-CBE6-473B-9887-3696F2B80ECF}
	EndGlobalSection
	GlobalSection(ExtensibilityGlobals) = postSolution
		SolutionGuid = {71A36FD4-2BDF-4112-8CAE-CA2F482D2BDA}
	EndGlobalSection
EndGlobal
